# Generated by pub
# See http://pub.dartlang.org/doc/glossary.html#lockfile
packages:
  browser:
    description:
      name: browser
      url: "https://pub.dartlang.org"
    source: hosted
    version: "0.10.0+2"
  func:
    description:
      name: func
      url: "https://pub.dartlang.org"
    source: hosted
    version: "0.1.0"
  gl_enums:
    description:
      name: gl_enums
      url: "https://pub.dartlang.org"
    source: hosted
    version: "0.0.1"
  js:
    description:
      name: js
      url: "https://pub.dartlang.org"
    source: hosted
    version: "0.6.0"
  logging:
    description:
      name: logging
      url: "https://pub.dartlang.org"
    source: hosted
    version: "0.11.2"
  petitparser:
    description:
      name: petitparser
      url: "https://pub.dartlang.org"
    source: hosted
    version: "1.5.3"
  stagexl:
    description:
      name: stagexl
      url: "https://pub.dartlang.org"
    source: hosted
    version: "0.13.6"
  vector_math:
    description:
      name: vector_math
      url: "https://pub.dartlang.org"
    source: hosted
    version: "2.0.0"
  xml:
    description:
      name: xml
      url: "https://pub.dartlang.org"
    source: hosted
    version: "2.4.3"
sdk: ">=1.13.0 <2.0.0"
